# THIS IS AN AUTOGENERATED FILE. DO NOT EDIT THIS FILE DIRECTLY.
# yarn lockfile v1


"@hapi/accept@5.x.x":
  version "5.0.0"
  resolved "https://npm.artdude.uk/@hapi%2faccept/-/accept-5.0.0.tgz#b0e06dd57351ff0724172af6e5d22a4e74d99ead"
  integrity sha512-LMz1AkD9kzmbXWNw5s+aQg0Yp9WQDXOSD0G4ke3cJ/S5H+qyUIy224/hVng1L8zn9H1cEpofyd3gh+XCrwGvYg==
  dependencies:
    "@hapi/boom" "9.x.x"
    "@hapi/hoek" "9.x.x"

"@hapi/address@4.x.x", "@hapi/address@^4.0.0":
  version "4.0.0"
  resolved "https://npm.artdude.uk/@hapi%2faddress/-/address-4.0.0.tgz#36affb4509b5a6adc628bcc394450f2a7d51d111"
  integrity sha512-GDDpkCdSUfkQCznmWUHh9dDN85BWf/V8TFKQ2JLuHdGB4Yy3YTEGBzZxoBNxfNBEvreSR/o+ZxBBSNNEVzY+lQ==
  dependencies:
    "@hapi/hoek" "^9.0.0"

"@hapi/ammo@5.x.x":
  version "5.0.0"
  resolved "https://npm.artdude.uk/@hapi%2fammo/-/ammo-5.0.0.tgz#016f0c55b1fee360cfdb891db58e66602189149d"
  integrity sha512-N8JHIBG0Azlg8kUmy2KGqgWPc9HyGZmAQNwR7fdLdDM4YqMJM9eMi6eCZ9kElpo5S4pK81U6S7Q3s+TSjaBDgg==
  dependencies:
    "@hapi/hoek" "9.x.x"

"@hapi/b64@5.x.x":
  version "5.0.0"
  resolved "https://npm.artdude.uk/@hapi%2fb64/-/b64-5.0.0.tgz#b8210cbd72f4774985e78569b77e97498d24277d"
  integrity sha512-ngu0tSEmrezoiIaNGG6rRvKOUkUuDdf4XTPnONHGYfSGRmDqPZX5oJL6HAdKTo1UQHECbdB4OzhWrfgVppjHUw==
  dependencies:
    "@hapi/hoek" "9.x.x"

"@hapi/boom@9.x.x", "@hapi/boom@^9.0.0":
  version "9.0.0"
  resolved "https://npm.artdude.uk/@hapi%2fboom/-/boom-9.0.0.tgz#28f9e77ecf2dea1fe3a8982b9d8827aa5137e33a"
  integrity sha512-D+Or4yahLq3L7D1Jf0fR1+Lgr+HPK1lej8tc6hS/fBLmK66XdpvTyKv8YUR5ls1GeQy+KGtbpKAs+ZxyzNtUyA==
  dependencies:
    "@hapi/hoek" "9.x.x"

"@hapi/bounce@2.x.x":
  version "2.0.0"
  resolved "https://npm.artdude.uk/@hapi%2fbounce/-/bounce-2.0.0.tgz#e6ef56991c366b1e2738b2cd83b01354d938cf3d"
  integrity sha512-JesW92uyzOOyuzJKjoLHM1ThiOvHPOLDHw01YV8yh5nCso7sDwJho1h0Ad2N+E62bZyz46TG3xhAi/78Gsct6A==
  dependencies:
    "@hapi/boom" "9.x.x"
    "@hapi/hoek" "9.x.x"

"@hapi/bourne@2.x.x":
  version "2.0.0"
  resolved "https://npm.artdude.uk/@hapi%2fbourne/-/bourne-2.0.0.tgz#5bb2193eb685c0007540ca61d166d4e1edaf918d"
  integrity sha512-WEezM1FWztfbzqIUbsDzFRVMxSoLy3HugVcux6KDDtTqzPsLE8NDRHfXvev66aH1i2oOKKar3/XDjbvh/OUBdg==

"@hapi/call@7.x.x":
  version "7.0.0"
  resolved "https://npm.artdude.uk/@hapi%2fcall/-/call-7.0.0.tgz#f81bdfcb841b2c2617a2a947782ebae7de6b955b"
  integrity sha512-DfxP2MMGmnIglpbxjA2eB8Wv6tvF9XzLKVaCjBaRvfpSQnee6b2Z8gKjrZKlviSmHiv9tr5H3XOQ94osNJq9Nw==
  dependencies:
    "@hapi/address" "4.x.x"
    "@hapi/boom" "9.x.x"
    "@hapi/hoek" "9.x.x"

"@hapi/catbox-memory@5.x.x":
  version "5.0.0"
  resolved "https://npm.artdude.uk/@hapi%2fcatbox-memory/-/catbox-memory-5.0.0.tgz#6c18dad1a80737480d1c33bfbefd5d028deec86d"
  integrity sha512-ByuxVJPHNaXwLzbBv4GdTr6ccpe1nG+AfYt+8ftDWEJY7EWBWzD+Klhy5oPTDGzU26pNUh1e7fcYI1ILZRxAXQ==
  dependencies:
    "@hapi/boom" "9.x.x"
    "@hapi/hoek" "9.x.x"

"@hapi/catbox@11.x.x":
  version "11.0.0"
  resolved "https://npm.artdude.uk/@hapi%2fcatbox/-/catbox-11.0.0.tgz#9609f8c144b350bab186f004b8332701b8194811"
  integrity sha512-rEE2wAHWecdViqkdXUpt1Fv2uvcvSrxLri7jrGE3Wpf6fD5lNErORaBzjFnzcTxYu/e6ADCKrONojbRzUZpivA==
  dependencies:
    "@hapi/boom" "9.x.x"
    "@hapi/hoek" "9.x.x"
    "@hapi/joi" "17.x.x"
    "@hapi/podium" "4.x.x"

"@hapi/content@5.x.x":
  version "5.0.0"
  resolved "https://npm.artdude.uk/@hapi%2fcontent/-/content-5.0.0.tgz#c98dfdfeec434bec7b1611d5fa6c3019b3ba5352"
  integrity sha512-yP93ut0aYd3AuqIRTcO+/ZKg6nQZOvZkP6ULd74Cqh8TWwTOizqXklqPj2RUmcVvpshfF5oQKUw78Befztj/oQ==
  dependencies:
    "@hapi/boom" "9.x.x"

"@hapi/cryptiles@5.x.x":
  version "5.0.0"
  resolved "https://npm.artdude.uk/@hapi%2fcryptiles/-/cryptiles-5.0.0.tgz#364ca3336594c7f261707a527c4d36da4a8eb86e"
  integrity sha512-Yq43ti9N51Z7jbm0Q7YVCcofA+4Gh5wsBX/jZ++Z+FM8GYfBQ1WmI9ufZSL+BVX8vRxzDkdQ2fKoG6cxOQlnVQ==
  dependencies:
    "@hapi/boom" "9.x.x"

"@hapi/file@2.x.x":
  version "2.0.0"
  resolved "https://npm.artdude.uk/@hapi%2ffile/-/file-2.0.0.tgz#2ecda37d1ae9d3078a67c13b7da86e8c3237dfb9"
  integrity sha512-WSrlgpvEqgPWkI18kkGELEZfXr0bYLtr16iIN4Krh9sRnzBZN6nnWxHFxtsnP684wueEySBbXPDg/WfA9xJdBQ==

"@hapi/formula@^2.0.0":
  version "2.0.0"
  resolved "https://npm.artdude.uk/@hapi%2fformula/-/formula-2.0.0.tgz#edade0619ed58c8e4f164f233cda70211e787128"
  integrity sha512-V87P8fv7PI0LH7LiVi8Lkf3x+KCO7pQozXRssAHNXXL9L1K+uyu4XypLXwxqVDKgyQai6qj3/KteNlrqDx4W5A==

"@hapi/hapi@^19.0.5":
  version "19.0.5"
  resolved "https://npm.artdude.uk/@hapi%2fhapi/-/hapi-19.0.5.tgz#10b641ff0b370583a0a807358d267dad5990d0e2"
  integrity sha512-dJYuPxn5YfWLSim9GfdiTh4zobJ7wIuCYyK/I1DRcZhk+VvxDCUTcMALBLwL2TDWL5lMQvlBZiQU7MvOZ6FGSA==
  dependencies:
    "@hapi/accept" "5.x.x"
    "@hapi/ammo" "5.x.x"
    "@hapi/boom" "9.x.x"
    "@hapi/bounce" "2.x.x"
    "@hapi/call" "7.x.x"
    "@hapi/catbox" "11.x.x"
    "@hapi/catbox-memory" "5.x.x"
    "@hapi/heavy" "7.x.x"
    "@hapi/hoek" "9.x.x"
    "@hapi/joi" "17.x.x"
    "@hapi/mimos" "5.x.x"
    "@hapi/podium" "4.x.x"
    "@hapi/shot" "5.x.x"
    "@hapi/somever" "3.x.x"
    "@hapi/statehood" "7.x.x"
    "@hapi/subtext" "7.x.x"
    "@hapi/teamwork" "4.x.x"
    "@hapi/topo" "5.x.x"

"@hapi/heavy@7.x.x":
  version "7.0.0"
  resolved "https://npm.artdude.uk/@hapi%2fheavy/-/heavy-7.0.0.tgz#711b06be6c77a30c7a302d1a41f6edc400025d48"
  integrity sha512-n/nheUG6zNleWkjY+3fzV3VJIAumUCaa/WoTmurjqlYY5JgC5ZKOpvP7tWi8rXmKZhbcXgjH3fHFoM55LoBT7g==
  dependencies:
    "@hapi/boom" "9.x.x"
    "@hapi/hoek" "9.x.x"
    "@hapi/joi" "17.x.x"

"@hapi/hoek@9.x.x", "@hapi/hoek@^9.0.0":
  version "9.0.2"
  resolved "https://npm.artdude.uk/@hapi%2fhoek/-/hoek-9.0.2.tgz#57597083f763eafbfdc902d16ec868aa787b24d2"
  integrity sha512-LyibKv2QnD9BPI5g2L+g85yiIPv3ajYpENGFgy4u0xCLPhXWG1Zdx29neSB8sgX0/wz6k5TMjHzTwJ6+DaBYOA==

"@hapi/iron@6.x.x", "@hapi/iron@^6.0.0":
  version "6.0.0"
  resolved "https://npm.artdude.uk/@hapi%2firon/-/iron-6.0.0.tgz#ca3f9136cda655bdd6028de0045da0de3d14436f"
  integrity sha512-zvGvWDufiTGpTJPG1Y/McN8UqWBu0k/xs/7l++HVU535NLHXsHhy54cfEMdW7EjwKfbBfM9Xy25FmTiobb7Hvw==
  dependencies:
    "@hapi/b64" "5.x.x"
    "@hapi/boom" "9.x.x"
    "@hapi/bourne" "2.x.x"
    "@hapi/cryptiles" "5.x.x"
    "@hapi/hoek" "9.x.x"

"@hapi/joi@17.x.x", "@hapi/joi@^17.0.2":
  version "17.0.2"
  resolved "https://npm.artdude.uk/@hapi%2fjoi/-/joi-17.0.2.tgz#613d47f629eb3e4ae17c8065092bce46b87771a6"
  integrity sha512-84icw1yV3vbRzUidqFli1Gqr8diigOhTuKzlu3gqBXBm4Lukqe5apjyeJJhGO4rO/J3NiRjy1vXQ5bmhc5+fUA==
  dependencies:
    "@hapi/address" "^4.0.0"
    "@hapi/formula" "^2.0.0"
    "@hapi/hoek" "^9.0.0"
    "@hapi/pinpoint" "^2.0.0"
    "@hapi/topo" "^5.0.0"

"@hapi/mimos@5.x.x":
  version "5.0.0"
  resolved "https://npm.artdude.uk/@hapi%2fmimos/-/mimos-5.0.0.tgz#245c6c98b1cc2c13395755c730321b913de074eb"
  integrity sha512-EVS6wJYeE73InTlPWt+2e3Izn319iIvffDreci3qDNT+t3lA5ylJ0/SoTaID8e0TPNUkHUSsgJZXEmLHvoYzrA==
  dependencies:
    "@hapi/hoek" "9.x.x"
    mime-db "1.x.x"

"@hapi/nigel@4.x.x":
  version "4.0.0"
  resolved "https://npm.artdude.uk/@hapi%2fnigel/-/nigel-4.0.0.tgz#dae214f1fa3fd3e0d361515e855a54f57cdf7d4c"
  integrity sha512-Bqs1pjcDnDQo/XGoiCCNHWTFcMzPbz3L4KU04njeFQMzzEmsojMRX7TX+PezQYCMKtHJOtMg0bHxZyMGqYtbSA==
  dependencies:
    "@hapi/hoek" "9.x.x"
    "@hapi/vise" "4.x.x"

"@hapi/pez@5.x.x":
  version "5.0.0"
  resolved "https://npm.artdude.uk/@hapi%2fpez/-/pez-5.0.0.tgz#66acf7d28310cb128f5c4d77cfe8314b3666f1b8"
  integrity sha512-ltpQde28xYBMUb38565Niicy3epDjWdet8PKGGt41G/foZeK0hs428Vnut5gFtLvgK+swMW9Fd486IZdqqj3dQ==
  dependencies:
    "@hapi/b64" "5.x.x"
    "@hapi/boom" "9.x.x"
    "@hapi/content" "5.x.x"
    "@hapi/hoek" "9.x.x"
    "@hapi/nigel" "4.x.x"

"@hapi/pinpoint@^2.0.0":
  version "2.0.0"
  resolved "https://npm.artdude.uk/@hapi%2fpinpoint/-/pinpoint-2.0.0.tgz#805b40d4dbec04fc116a73089494e00f073de8df"
  integrity sha512-vzXR5MY7n4XeIvLpfl3HtE3coZYO4raKXW766R6DZw/6aLqR26iuZ109K7a0NtF2Db0jxqh7xz2AxkUwpUFybw==

"@hapi/podium@4.x.x":
  version "4.0.0"
  resolved "https://npm.artdude.uk/@hapi%2fpodium/-/podium-4.0.0.tgz#42fe965f1421d6ae9043dc8697e35550c71820a5"
  integrity sha512-2T74rkS4OZjbsSdx4jIMbjb3cF/X6BpEE2kar71ascgL+9lf+5eczirlw3WWQ9ng2YDU469IVrADd6LYMzhEdw==
  dependencies:
    "@hapi/hoek" "9.x.x"
    "@hapi/joi" "17.x.x"

"@hapi/shot@5.x.x":
  version "5.0.0"
  resolved "https://npm.artdude.uk/@hapi%2fshot/-/shot-5.0.0.tgz#64c908398295c1b4bd10f471b3a83b4e1410f342"
  integrity sha512-JXddnJkRh3Xhv9lY1tA+TSIUaoODKbdNIPL/M8WFvFQKOttmGaDeqTW5e8Gf01LtLI7L5DraLMULHjrK1+YNFg==
  dependencies:
    "@hapi/hoek" "9.x.x"
    "@hapi/joi" "17.x.x"

"@hapi/somever@3.x.x":
  version "3.0.0"
  resolved "https://npm.artdude.uk/@hapi%2fsomever/-/somever-3.0.0.tgz#f4e9b16a948415b926b4dd898013602b0cb45758"
  integrity sha512-Upw/kmKotC9iEmK4y047HMYe4LDKsE5NWfjgX41XNKmFvxsQL7OiaCWVhuyyhU0ShDGBfIAnCH8jZr49z/JzZA==
  dependencies:
    "@hapi/bounce" "2.x.x"
    "@hapi/hoek" "9.x.x"

"@hapi/statehood@7.x.x":
  version "7.0.1"
  resolved "https://npm.artdude.uk/@hapi%2fstatehood/-/statehood-7.0.1.tgz#9f7c8d06ab2b12cc3e7690bd4f76fb62348227f6"
  integrity sha512-WjcaNEI7tcBE780HPcBhP8wabFzLRK5ssXuXBfBMXEdtw351gn6K4t6TAnrFbGOV8EOO+1BFp4VCA0x78ny+rg==
  dependencies:
    "@hapi/boom" "9.x.x"
    "@hapi/bounce" "2.x.x"
    "@hapi/bourne" "2.x.x"
    "@hapi/cryptiles" "5.x.x"
    "@hapi/hoek" "9.x.x"
    "@hapi/iron" "6.x.x"
    "@hapi/joi" "17.x.x"

"@hapi/subtext@7.x.x":
  version "7.0.1"
  resolved "https://npm.artdude.uk/@hapi%2fsubtext/-/subtext-7.0.1.tgz#0d8b1e948d7b2cfb7fe86efe8fe52224a8c935f7"
  integrity sha512-mZbr/3vuvSIWlNZQ2VzUQTRYnrI8z+agK/fkWk02GkcK4MP44Yadr4l5dB4zIeU6Cuf6rmB23QaZyzl3I9f7lA==
  dependencies:
    "@hapi/boom" "9.x.x"
    "@hapi/bourne" "2.x.x"
    "@hapi/content" "5.x.x"
    "@hapi/file" "2.x.x"
    "@hapi/hoek" "9.x.x"
    "@hapi/pez" "5.x.x"
    "@hapi/wreck" "17.x.x"

"@hapi/teamwork@4.x.x":
  version "4.0.0"
  resolved "https://npm.artdude.uk/@hapi%2fteamwork/-/teamwork-4.0.0.tgz#4aadbb88de13bce39ab8431565cd50c7ecc6327f"
  integrity sha512-V6xYOrr5aFv/IJqNPneaYCu8vuGTKisamqHVRS3JJnbZr18TrpXdsJOYk9pjPhFti+M2YETPebQLUr820N5NoQ==

"@hapi/topo@5.x.x", "@hapi/topo@^5.0.0":
  version "5.0.0"
  resolved "https://npm.artdude.uk/@hapi%2ftopo/-/topo-5.0.0.tgz#c19af8577fa393a06e9c77b60995af959be721e7"
  integrity sha512-tFJlT47db0kMqVm3H4nQYgn6Pwg10GTZHb1pwmSiv1K4ks6drQOtfEF5ZnPjkvC+y4/bUPHK+bc87QvLcL+WMw==
  dependencies:
    "@hapi/hoek" "^9.0.0"

"@hapi/vise@4.x.x":
  version "4.0.0"
  resolved "https://npm.artdude.uk/@hapi%2fvise/-/vise-4.0.0.tgz#c6a94fe121b94a53bf99e7489f7fcc74c104db02"
  integrity sha512-eYyLkuUiFZTer59h+SGy7hUm+qE9p+UemePTHLlIWppEd+wExn3Df5jO04bFQTm7nleF5V8CtuYQYb+VFpZ6Sg==
  dependencies:
    "@hapi/hoek" "9.x.x"

"@hapi/wreck@17.x.x":
  version "17.0.0"
  resolved "https://npm.artdude.uk/@hapi%2fwreck/-/wreck-17.0.0.tgz#8ab0ca286e937c3f7a82f67e4be4348c824b743c"
  integrity sha512-d8lqCinbKyDByn7GzJDRDbitddhIEydNm44UcAMejfhEH3o4IYvKYq6K8cAqXbilXPuvZc0ErlUOg9SDdgRtMw==
  dependencies:
    "@hapi/boom" "9.x.x"
    "@hapi/bourne" "2.x.x"
    "@hapi/hoek" "9.x.x"

"@types/hapi__catbox@*":
  version "10.2.2"
  resolved "https://npm.artdude.uk/@types%2fhapi__catbox/-/hapi__catbox-10.2.2.tgz#b13fbdd6006c8793eb80919158593bc2bf8307c4"
  integrity sha512-AWK70LgRsRWL1TNw+aT0IlS56E0pobvFdr/en0K8XazyK4Ey6T/jXhQqv/iQ6FJAAU+somMzgmt9fWq2TaaOkA==

"@types/hapi__hapi@^19.0.0":
  version "19.0.0"
  resolved "https://npm.artdude.uk/@types%2fhapi__hapi/-/hapi__hapi-19.0.0.tgz#99192d21dde97c6822c1a6ea3c779f1f47313e3b"
  integrity sha512-F36qfgrB5743UwoODMzeTLcixTsEqetVL+pvCWh9M+fUPEOWQUMKVEnURec3+Ptw2DKj2Uaaa82SZHUSYgiIWQ==
  dependencies:
    "@hapi/boom" "^9.0.0"
    "@hapi/iron" "^6.0.0"
    "@types/hapi__catbox" "*"
    "@types/hapi__joi" "*"
    "@types/hapi__mimos" "*"
    "@types/hapi__podium" "*"
    "@types/hapi__shot" "*"
    "@types/node" "*"

"@types/hapi__joi@*", "@types/hapi__joi@^16.0.6":
  version "16.0.6"
  resolved "https://npm.artdude.uk/@types%2fhapi__joi/-/hapi__joi-16.0.6.tgz#aa8f7dff93fdd3db6506ca2433a8302d8819fad1"
  integrity sha512-rpU8FNMGxhYIF6bUlxZYO4drNjqUWCGrf4UINABAJzdcrPs4bP+Bz5VXzp8rOPZsNynnaDXbiU/MyjOGlfeczg==

"@types/hapi__mimos@*":
  version "4.1.0"
  resolved "https://npm.artdude.uk/@types%2fhapi__mimos/-/hapi__mimos-4.1.0.tgz#47dbf89ebfc05183c1de2797e9426793db9a0d85"
  integrity sha512-hcdSoYa32wcP+sEfyf85ieGwElwokcZ/mma8eyqQ4OTHeCAGwfaoiGxjG4z1Dm+RGhIYLHlW54ji5FFwahH12A==
  dependencies:
    "@types/mime-db" "*"

"@types/hapi__podium@*":
  version "3.4.0"
  resolved "https://npm.artdude.uk/@types%2fhapi__podium/-/hapi__podium-3.4.0.tgz#8efbe18c422e5306a7ee970d48448cf8ff4da37c"
  integrity sha512-LE85jLgqR5HscGQ7SaSz6FMRsKlQ1wHVbYc9u0yq7NKDRvZiQFIrr3Pl1RPzK7QNUdZP8zmJibe8q0JcafTAJQ==

"@types/hapi__shot@*":
  version "4.1.0"
  resolved "https://npm.artdude.uk/@types%2fhapi__shot/-/hapi__shot-4.1.0.tgz#c2f096bf89906e25b530869becca44d40b168b75"
  integrity sha512-vIySJYkwIGXMB5eFaZu3U8dS9CAZmteJfmkRn9bYH5uNcSvVgiwDROiwAkD7ej88qA+RZPkUK70KmeDs3LRHvw==
  dependencies:
    "@types/node" "*"

"@types/lodash@^4.14.149":
  version "4.14.149"
  resolved "https://npm.artdude.uk/@types%2flodash/-/lodash-4.14.149.tgz#1342d63d948c6062838fbf961012f74d4e638440"
  integrity sha512-ijGqzZt/b7BfzcK9vTrS6MFljQRPn5BFWOx8oE0GYxribu6uV+aA9zZuXI1zc/etK9E8nrgdoF2+LgUw7+9tJQ==

"@types/mime-db@*":
  version "1.27.0"
  resolved "https://npm.artdude.uk/@types%2fmime-db/-/mime-db-1.27.0.tgz#9bc014a1fd1fdf47649c1a54c6dd7966b8284792"
  integrity sha1-m8AUof0f30dknBpUxt15ZrgoR5I=

"@types/node@*":
  version "13.1.7"
  resolved "https://npm.artdude.uk/@types%2fnode/-/node-13.1.7.tgz#db51d28b8dfacfe4fb2d0da88f5eb0a2eca00675"
  integrity sha512-HU0q9GXazqiKwviVxg9SI/+t/nAsGkvLDkIdxz+ObejG2nX6Si00TeLqHMoS+a/1tjH7a8YpKVQwtgHuMQsldg==

lodash@^4.17.15:
  version "4.17.15"
  resolved "https://npm.artdude.uk/lodash/-/lodash-4.17.15.tgz#b447f6670a0455bbfeedd11392eff330ea097548"
  integrity sha512-8xOcRHvCjnocdS5cpwXQXVzmmh5e5+saE2QGoeQmbKmRS6J3VQppPOIt0MnmE+4xlZoumy0GPG0D0MVIQbNA1A==

mime-db@1.x.x:
  version "1.43.0"
  resolved "https://npm.artdude.uk/mime-db/-/mime-db-1.43.0.tgz#0a12e0502650e473d735535050e7c8f4eb4fae58"
  integrity sha512-+5dsGEEovYbT8UY9yD7eE4XTc4UwJ1jBYlgaQQF38ENsKR3wj/8q8RFZrF9WIZpB2V1ArTVFUva8sAul1NzRzQ==

typescript@^3.7.4:
  version "3.7.4"
  resolved "https://npm.artdude.uk/typescript/-/typescript-3.7.4.tgz#1743a5ec5fef6a1fa9f3e4708e33c81c73876c19"
  integrity sha512-A25xv5XCtarLwXpcDNZzCGvW2D1S3/bACratYBx2sax8PefsFhlYmkQicKHvpYflFS8if4zne5zT5kpJ7pzuvw==
